
Microsoft Visual Studio Solution File, Format Version 12.00
# Visual Studio Version 16
VisualStudioVersion = 16.0.32901.82
MinimumVisualStudioVersion = 10.0.40219.1
Project("{FAE04EC0-301F-11D3-BF4B-00C04F79EFBC}") = "NewProject1", "NewProject1\NewProject1.csproj", "{3CA27281-9B77-4DE0-8B17-8BE528D249D4}"
EndProject
Global
	GlobalSection(SolutionConfigurationPlatforms) = preSolution
		Debug|Any CPU = Debug|Any CPU
		Release|Any CPU = Release|Any CPU
	EndGlobalSection
	GlobalSection(ProjectConfigurationPlatforms) = postSolution
		{3CA27281-9B77-4DE0-8B17-8BE528D249D4}.Debug|Any CPU.ActiveCfg = Debug|Any CPU
		{3CA27281-9B77-4DE0-8B17-8BE528D249D4}.Debug|Any CPU.Build.0 = Debug|Any CPU
		{3CA27281-9B77-4DE0-8B17-8BE528D249D4}.Release|Any CPU.ActiveCfg = Release|Any CPU
		{3CA27281-9B77-4DE0-8B17-8BE528D249D4}.Release|Any CPU.Build.0 = Release|Any CPU
	EndGlobalSection
	GlobalSection(SolutionProperties) = preSolution
		HideSolutionNode = FALSE
	EndGlobalSection
	GlobalSection(ExtensibilityGlobals) = postSolution
		SolutionGuid = {55ACC694-3D6B-4D8B-98E3-794E03548C77}
	EndGlobalSection
EndGlobal
